<?xml version="1.0" encoding="UTF-8"?>
<CONFIG>
  <ProjectOptions>
    <Version Value="12"/>
    <PathDelim Value="\"/>
    <General>
      <SessionStorage Value="InProjectDir"/>
      <Title Value="Programa_hogar"/>
      <Scaled Value="True"/>
      <ResourceType Value="res"/>
      <UseXPManifest Value="True"/>
      <XPManifest>
        <DpiAware Value="True"/>
      </XPManifest>
      <Icon Value="0"/>
    </General>
    <BuildModes>
      <Item Name="Default" Default="True"/>
    </BuildModes>
    <PublishOptions>
      <Version Value="2"/>
      <UseFileFilters Value="True"/>
    </PublishOptions>
    <RunParams>
      <FormatVersion Value="2"/>
    </RunParams>
    <RequiredPackages>
      <Item>
        <PackageName Value="DateTimeCtrls"/>
      </Item>
      <Item>
        <PackageName Value="LCL"/>
      </Item>
    </RequiredPackages>
    <Units>
      <Unit>
        <Filename Value="Programa_hogar.lpr"/>
        <IsPartOfProject Value="True"/>
      </Unit>
      <Unit>
        <Filename Value="unit_ingresar_paciente.pas"/>
        <IsPartOfProject Value="True"/>
        <ComponentName Value="form_ingresar_paciente"/>
        <HasResources Value="True"/>
        <ResourceBaseClass Value="Form"/>
      </Unit>
      <Unit>
        <Filename Value="unit_archivos.pas"/>
        <IsPartOfProject Value="True"/>
      </Unit>
      <Unit>
        <Filename Value="tiporegistros.pas"/>
        <IsPartOfProject Value="True"/>
        <UnitName Value="tipoRegistros"/>
      </Unit>
      <Unit>
        <Filename Value="unit_formprincipal.pas"/>
        <IsPartOfProject Value="True"/>
        <ComponentName Value="MenuPrincipal"/>
        <HasResources Value="True"/>
        <ResourceBaseClass Value="Form"/>
        <UnitName Value="unit_formPrincipal"/>
      </Unit>
      <Unit>
        <Filename Value="unit_editar_paciente.pas"/>
        <IsPartOfProject Value="True"/>
        <ComponentName Value="Form_editar_paciente"/>
        <HasResources Value="True"/>
        <ResourceBaseClass Value="Form"/>
      </Unit>
      <Unit>
        <Filename Value="unit_recetas.pas"/>
        <IsPartOfProject Value="True"/>
        <ComponentName Value="form_recetas"/>
        <HasResources Value="True"/>
        <ResourceBaseClass Value="Form"/>
      </Unit>
      <Unit>
        <Filename Value="unit_stock_paciente.pas"/>
        <IsPartOfProject Value="True"/>
        <ComponentName Value="Form_stock_paciente"/>
        <HasResources Value="True"/>
        <ResourceBaseClass Value="Form"/>
      </Unit>
      <Unit>
        <Filename Value="lovectoresstock.pas"/>
        <IsPartOfProject Value="True"/>
        <UnitName Value="LOVectoresStock"/>
      </Unit>
      <Unit>
        <Filename Value="unit_pedidos.pas"/>
        <IsPartOfProject Value="True"/>
        <ComponentName Value="form_pedidos"/>
        <HasResources Value="True"/>
        <ResourceBaseClass Value="Form"/>
      </Unit>
      <Unit>
        <Filename Value="unit_inicio.pas"/>
        <IsPartOfProject Value="True"/>
        <ComponentName Value="form_inicio"/>
        <HasResources Value="True"/>
        <ResourceBaseClass Value="Form"/>
      </Unit>
      <Unit>
        <Filename Value="unit_confirmaciones.pas"/>
        <IsPartOfProject Value="True"/>
        <ComponentName Value="form_confirmaciones"/>
        <HasResources Value="True"/>
        <ResourceBaseClass Value="Form"/>
      </Unit>
      <Unit>
        <Filename Value="lovectoresusuarios.pas"/>
        <IsPartOfProject Value="True"/>
        <UnitName Value="LOVectoresUsuarios"/>
      </Unit>
    </Units>
  </ProjectOptions>
  <CompilerOptions>
    <Version Value="11"/>
    <PathDelim Value="\"/>
    <Target>
      <Filename Value="Programa_hogar"/>
    </Target>
    <SearchPaths>
      <IncludeFiles Value="$(ProjOutDir)"/>
      <UnitOutputDirectory Value="lib\$(TargetCPU)-$(TargetOS)"/>
    </SearchPaths>
    <Linking>
      <Debugging>
        <DebugInfoType Value="dsDwarf2Set"/>
      </Debugging>
      <Options>
        <Win32>
          <GraphicApplication Value="True"/>
        </Win32>
      </Options>
    </Linking>
  </CompilerOptions>
  <Debugging>
    <Exceptions>
      <Item>
        <Name Value="EAbort"/>
      </Item>
      <Item>
        <Name Value="ECodetoolError"/>
      </Item>
      <Item>
        <Name Value="EFOpenError"/>
      </Item>
      <Item>
        <Name Value="RunError(103)"/>
      </Item>
    </Exceptions>
  </Debugging>
</CONFIG>
